
Microsoft Visual Studio Solution File, Format Version 12.00
# Visual Studio Version 16
VisualStudioVersion = 16.0.32630.194
MinimumVisualStudioVersion = 10.0.40219.1
Project("{8BC9CEB8-8B4A-11D0-8D11-00A0C91BC942}") = "Project10", "Project10\Project10.vcxproj", "{949EEE59-5D4E-4B06-B9A6-43D8ED111CAB}"
EndProject
Project("{8BC9CEB8-8B4A-11D0-8D11-00A0C91BC942}") = "Sample-Test1", "Sample-Test1\Sample-Test1.vcxproj", "{B45ABB8D-7DA7-4727-AF0A-4F461AA6A349}"
EndProject
Project("{2150E333-8FDC-42A3-9474-1A3956D46DE8}") = "솔루션파일", "솔루션파일", "{8F177D14-719A-4145-9727-5E109D0B227A}"
	ProjectSection(SolutionItems) = preProject
		.gitignore = .gitignore
	EndProjectSection
EndProject
Global
	GlobalSection(SolutionConfigurationPlatforms) = preSolution
		Debug|x64 = Debug|x64
		Debug|x86 = Debug|x86
		Release|x64 = Release|x64
		Release|x86 = Release|x86
	EndGlobalSection
	GlobalSection(ProjectConfigurationPlatforms) = postSolution
		{949EEE59-5D4E-4B06-B9A6-43D8ED111CAB}.Debug|x64.ActiveCfg = Debug|x64
		{949EEE59-5D4E-4B06-B9A6-43D8ED111CAB}.Debug|x64.Build.0 = Debug|x64
		{949EEE59-5D4E-4B06-B9A6-43D8ED111CAB}.Debug|x86.ActiveCfg = Debug|Win32
		{949EEE59-5D4E-4B06-B9A6-43D8ED111CAB}.Debug|x86.Build.0 = Debug|Win32
		{949EEE59-5D4E-4B06-B9A6-43D8ED111CAB}.Release|x64.ActiveCfg = Release|x64
		{949EEE59-5D4E-4B06-B9A6-43D8ED111CAB}.Release|x64.Build.0 = Release|x64
		{949EEE59-5D4E-4B06-B9A6-43D8ED111CAB}.Release|x86.ActiveCfg = Release|Win32
		{949EEE59-5D4E-4B06-B9A6-43D8ED111CAB}.Release|x86.Build.0 = Release|Win32
		{B45ABB8D-7DA7-4727-AF0A-4F461AA6A349}.Debug|x64.ActiveCfg = Debug|x64
		{B45ABB8D-7DA7-4727-AF0A-4F461AA6A349}.Debug|x64.Build.0 = Debug|x64
		{B45ABB8D-7DA7-4727-AF0A-4F461AA6A349}.Debug|x86.ActiveCfg = Debug|Win32
		{B45ABB8D-7DA7-4727-AF0A-4F461AA6A349}.Debug|x86.Build.0 = Debug|Win32
		{B45ABB8D-7DA7-4727-AF0A-4F461AA6A349}.Release|x64.ActiveCfg = Release|x64
		{B45ABB8D-7DA7-4727-AF0A-4F461AA6A349}.Release|x64.Build.0 = Release|x64
		{B45ABB8D-7DA7-4727-AF0A-4F461AA6A349}.Release|x86.ActiveCfg = Release|Win32
		{B45ABB8D-7DA7-4727-AF0A-4F461AA6A349}.Release|x86.Build.0 = Release|Win32
	EndGlobalSection
	GlobalSection(SolutionProperties) = preSolution
		HideSolutionNode = FALSE
	EndGlobalSection
	GlobalSection(ExtensibilityGlobals) = postSolution
		SolutionGuid = {22E3E992-D047-41DF-8F95-09EE90BC3E21}
	EndGlobalSection
EndGlobal
